
Microsoft Visual Studio Solution File, Format Version 12.00
# Visual Studio Version 16
VisualStudioVersion = 16.0.31729.503
MinimumVisualStudioVersion = 10.0.40219.1
Project("{8BC9CEB8-8B4A-11D0-8D11-00A0C91BC942}") = "HW", "HW\HW.vcxproj", "{69F16633-9ED5-4A52-81F2-19CB5E3A9BF7}"
EndProject
Global
	GlobalSection(SolutionConfigurationPlatforms) = preSolution
		Debug|x64 = Debug|x64
		Debug|x86 = Debug|x86
		Release|x64 = Release|x64
		Release|x86 = Release|x86
	EndGlobalSection
	GlobalSection(ProjectConfigurationPlatforms) = postSolution
		{69F16633-9ED5-4A52-81F2-19CB5E3A9BF7}.Debug|x64.ActiveCfg = Debug|x64
		{69F16633-9ED5-4A52-81F2-19CB5E3A9BF7}.Debug|x64.Build.0 = Debug|x64
		{69F16633-9ED5-4A52-81F2-19CB5E3A9BF7}.Debug|x86.ActiveCfg = Debug|Win32
		{69F16633-9ED5-4A52-81F2-19CB5E3A9BF7}.Debug|x86.Build.0 = Debug|Win32
		{69F16633-9ED5-4A52-81F2-19CB5E3A9BF7}.Release|x64.ActiveCfg = Release|x64
		{69F16633-9ED5-4A52-81F2-19CB5E3A9BF7}.Release|x64.Build.0 = Release|x64
		{69F16633-9ED5-4A52-81F2-19CB5E3A9BF7}.Release|x86.ActiveCfg = Release|Win32
		{69F16633-9ED5-4A52-81F2-19CB5E3A9BF7}.Release|x86.Build.0 = Release|Win32
	EndGlobalSection
	GlobalSection(SolutionProperties) = preSolution
		HideSolutionNode = FALSE
	EndGlobalSection
	GlobalSection(ExtensibilityGlobals) = postSolution
		SolutionGuid = {C640C720-DC58-4F05-A2E3-6FC10E1DD357}
	EndGlobalSection
EndGlobal
